
Microsoft Visual Studio Solution File, Format Version 12.00
# Visual Studio 14
VisualStudioVersion = 14.0.25420.1
MinimumVisualStudioVersion = 10.0.40219.1
Project("{FAE04EC0-301F-11D3-BF4B-00C04F79EFBC}") = "Sciendo.MusicBrainz.Match", "Sciendo.MusicBrainz.Match\Sciendo.MusicBrainz.Match.csproj", "{EDD4C1E1-C747-4CC1-B992-F1D3F22DA43F}"
EndProject
Project("{FAE04EC0-301F-11D3-BF4B-00C04F79EFBC}") = "Sciendo.MusicBrainz.Match.Tests", "Sciendo.MusicBrainz.Match.Tests\Sciendo.MusicBrainz.Match.Tests.csproj", "{5F5FFE49-3EDB-45D3-902F-1A64AB3FEDAA}"
EndProject
Project("{FAE04EC0-301F-11D3-BF4B-00C04F79EFBC}") = "Sciendo.BulkFileAnalyser", "Sciendo.BulkFileAnalyser\Sciendo.BulkFileAnalyser.csproj", "{9585E9DC-6694-4D94-B639-F15B836308B5}"
EndProject
Global
	GlobalSection(SolutionConfigurationPlatforms) = preSolution
		Debug|Any CPU = Debug|Any CPU
		Release|Any CPU = Release|Any CPU
	EndGlobalSection
	GlobalSection(ProjectConfigurationPlatforms) = postSolution
		{EDD4C1E1-C747-4CC1-B992-F1D3F22DA43F}.Debug|Any CPU.ActiveCfg = Debug|Any CPU
		{EDD4C1E1-C747-4CC1-B992-F1D3F22DA43F}.Debug|Any CPU.Build.0 = Debug|Any CPU
		{EDD4C1E1-C747-4CC1-B992-F1D3F22DA43F}.Release|Any CPU.ActiveCfg = Release|Any CPU
		{EDD4C1E1-C747-4CC1-B992-F1D3F22DA43F}.Release|Any CPU.Build.0 = Release|Any CPU
		{5F5FFE49-3EDB-45D3-902F-1A64AB3FEDAA}.Debug|Any CPU.ActiveCfg = Debug|Any CPU
		{5F5FFE49-3EDB-45D3-902F-1A64AB3FEDAA}.Debug|Any CPU.Build.0 = Debug|Any CPU
		{5F5FFE49-3EDB-45D3-902F-1A64AB3FEDAA}.Release|Any CPU.ActiveCfg = Release|Any CPU
		{5F5FFE49-3EDB-45D3-902F-1A64AB3FEDAA}.Release|Any CPU.Build.0 = Release|Any CPU
		{9585E9DC-6694-4D94-B639-F15B836308B5}.Debug|Any CPU.ActiveCfg = Debug|Any CPU
		{9585E9DC-6694-4D94-B639-F15B836308B5}.Debug|Any CPU.Build.0 = Debug|Any CPU
		{9585E9DC-6694-4D94-B639-F15B836308B5}.Release|Any CPU.ActiveCfg = Release|Any CPU
		{9585E9DC-6694-4D94-B639-F15B836308B5}.Release|Any CPU.Build.0 = Release|Any CPU
	EndGlobalSection
	GlobalSection(SolutionProperties) = preSolution
		HideSolutionNode = FALSE
	EndGlobalSection
EndGlobal
