
Microsoft Visual Studio Solution File, Format Version 12.00
# Visual Studio 14
VisualStudioVersion = 14.0.25420.1
MinimumVisualStudioVersion = 10.0.40219.1
Project("{FAE04EC0-301F-11D3-BF4B-00C04F79EFBC}") = "Sciendo.FilesAnalyser", "Sciendo.MusicBrainz.Match\Sciendo.FilesAnalyser.csproj", "{EDD4C1E1-C747-4CC1-B992-F1D3F22DA43F}"
EndProject
Project("{FAE04EC0-301F-11D3-BF4B-00C04F79EFBC}") = "Sciendo.MusicBrainz.Match.Tests", "Sciendo.MusicBrainz.Match.Tests\Sciendo.MusicBrainz.Match.Tests.csproj", "{5F5FFE49-3EDB-45D3-902F-1A64AB3FEDAA}"
EndProject
Project("{FAE04EC0-301F-11D3-BF4B-00C04F79EFBC}") = "Sciendo.BulkFileAnalyser", "Sciendo.BulkFileAnalyser\Sciendo.BulkFileAnalyser.csproj", "{9585E9DC-6694-4D94-B639-F15B836308B5}"
EndProject
Project("{FAE04EC0-301F-11D3-BF4B-00C04F79EFBC}") = "Sciendo.MusicBrainz", "Sciendo.MusicBrainz\Sciendo.MusicBrainz.csproj", "{8EDB2E5F-B317-4F57-9B74-F3D7EF462BCD}"
EndProject
Project("{FAE04EC0-301F-11D3-BF4B-00C04F79EFBC}") = "Sciendo.MusicMatch.Contracts", "Sciendo.MusicMatch.Contracts\Sciendo.MusicMatch.Contracts.csproj", "{1FBF4007-6BAD-4F83-A976-DB2AFF3564AA}"
EndProject
Project("{FAE04EC0-301F-11D3-BF4B-00C04F79EFBC}") = "Sciendo.BulkMusicMatcher", "Sciendo.BulkMusicMatcher\Sciendo.BulkMusicMatcher.csproj", "{256F6B1F-EB07-4E41-A11E-4FB63B9F5E84}"
EndProject
Project("{FAE04EC0-301F-11D3-BF4B-00C04F79EFBC}") = "Sciendo.BulkMatchApplier", "Sciendo.BulkMatchApplier\Sciendo.BulkMatchApplier.csproj", "{091A10C1-B73A-448E-91A9-B07F11475F25}"
EndProject
Project("{FAE04EC0-301F-11D3-BF4B-00C04F79EFBC}") = "Sciendo.Unmatched.Consolidator", "Sciendo.Unmatched.Consolidator\Sciendo.Unmatched.Consolidator.csproj", "{BF417C60-A4B7-4A9B-B140-00A18DCA36F2}"
EndProject
Global
	GlobalSection(SolutionConfigurationPlatforms) = preSolution
		Debug|Any CPU = Debug|Any CPU
		Release|Any CPU = Release|Any CPU
	EndGlobalSection
	GlobalSection(ProjectConfigurationPlatforms) = postSolution
		{EDD4C1E1-C747-4CC1-B992-F1D3F22DA43F}.Debug|Any CPU.ActiveCfg = Debug|Any CPU
		{EDD4C1E1-C747-4CC1-B992-F1D3F22DA43F}.Debug|Any CPU.Build.0 = Debug|Any CPU
		{EDD4C1E1-C747-4CC1-B992-F1D3F22DA43F}.Release|Any CPU.ActiveCfg = Release|Any CPU
		{EDD4C1E1-C747-4CC1-B992-F1D3F22DA43F}.Release|Any CPU.Build.0 = Release|Any CPU
		{5F5FFE49-3EDB-45D3-902F-1A64AB3FEDAA}.Debug|Any CPU.ActiveCfg = Debug|Any CPU
		{5F5FFE49-3EDB-45D3-902F-1A64AB3FEDAA}.Debug|Any CPU.Build.0 = Debug|Any CPU
		{5F5FFE49-3EDB-45D3-902F-1A64AB3FEDAA}.Release|Any CPU.ActiveCfg = Release|Any CPU
		{5F5FFE49-3EDB-45D3-902F-1A64AB3FEDAA}.Release|Any CPU.Build.0 = Release|Any CPU
		{9585E9DC-6694-4D94-B639-F15B836308B5}.Debug|Any CPU.ActiveCfg = Debug|Any CPU
		{9585E9DC-6694-4D94-B639-F15B836308B5}.Debug|Any CPU.Build.0 = Debug|Any CPU
		{9585E9DC-6694-4D94-B639-F15B836308B5}.Release|Any CPU.ActiveCfg = Release|Any CPU
		{9585E9DC-6694-4D94-B639-F15B836308B5}.Release|Any CPU.Build.0 = Release|Any CPU
		{8EDB2E5F-B317-4F57-9B74-F3D7EF462BCD}.Debug|Any CPU.ActiveCfg = Debug|Any CPU
		{8EDB2E5F-B317-4F57-9B74-F3D7EF462BCD}.Debug|Any CPU.Build.0 = Debug|Any CPU
		{8EDB2E5F-B317-4F57-9B74-F3D7EF462BCD}.Release|Any CPU.ActiveCfg = Release|Any CPU
		{8EDB2E5F-B317-4F57-9B74-F3D7EF462BCD}.Release|Any CPU.Build.0 = Release|Any CPU
		{1FBF4007-6BAD-4F83-A976-DB2AFF3564AA}.Debug|Any CPU.ActiveCfg = Debug|Any CPU
		{1FBF4007-6BAD-4F83-A976-DB2AFF3564AA}.Debug|Any CPU.Build.0 = Debug|Any CPU
		{1FBF4007-6BAD-4F83-A976-DB2AFF3564AA}.Release|Any CPU.ActiveCfg = Release|Any CPU
		{1FBF4007-6BAD-4F83-A976-DB2AFF3564AA}.Release|Any CPU.Build.0 = Release|Any CPU
		{256F6B1F-EB07-4E41-A11E-4FB63B9F5E84}.Debug|Any CPU.ActiveCfg = Debug|Any CPU
		{256F6B1F-EB07-4E41-A11E-4FB63B9F5E84}.Debug|Any CPU.Build.0 = Debug|Any CPU
		{256F6B1F-EB07-4E41-A11E-4FB63B9F5E84}.Release|Any CPU.ActiveCfg = Release|Any CPU
		{256F6B1F-EB07-4E41-A11E-4FB63B9F5E84}.Release|Any CPU.Build.0 = Release|Any CPU
		{091A10C1-B73A-448E-91A9-B07F11475F25}.Debug|Any CPU.ActiveCfg = Debug|Any CPU
		{091A10C1-B73A-448E-91A9-B07F11475F25}.Debug|Any CPU.Build.0 = Debug|Any CPU
		{091A10C1-B73A-448E-91A9-B07F11475F25}.Release|Any CPU.ActiveCfg = Release|Any CPU
		{091A10C1-B73A-448E-91A9-B07F11475F25}.Release|Any CPU.Build.0 = Release|Any CPU
		{BF417C60-A4B7-4A9B-B140-00A18DCA36F2}.Debug|Any CPU.ActiveCfg = Debug|Any CPU
		{BF417C60-A4B7-4A9B-B140-00A18DCA36F2}.Debug|Any CPU.Build.0 = Debug|Any CPU
		{BF417C60-A4B7-4A9B-B140-00A18DCA36F2}.Release|Any CPU.ActiveCfg = Release|Any CPU
		{BF417C60-A4B7-4A9B-B140-00A18DCA36F2}.Release|Any CPU.Build.0 = Release|Any CPU
	EndGlobalSection
	GlobalSection(SolutionProperties) = preSolution
		HideSolutionNode = FALSE
	EndGlobalSection
EndGlobal
